// !$*UTF8*$!
{
	archiveVersion = 1;
	classes = {
	};
	objectVersion = 56;
	objects = {

/* Begin PBXBuildFile section */
		38CA6A7F291951C300682ACE /* Weapon.swift in Sources */ = {isa = PBXBuildFile; fileRef = 38CA6A7E291951C300682ACE /* Weapon.swift */; };
		38D82D672901881E00F9A8B9 /* main.swift in Sources */ = {isa = PBXBuildFile; fileRef = 38D82D662901881E00F9A8B9 /* main.swift */; };
		38D82D6E2901943000F9A8B9 /* Game.swift in Sources */ = {isa = PBXBuildFile; fileRef = 38D82D6D2901943000F9A8B9 /* Game.swift */; };
		38D82D702901943E00F9A8B9 /* Player.swift in Sources */ = {isa = PBXBuildFile; fileRef = 38D82D6F2901943E00F9A8B9 /* Player.swift */; };
		38D82D722901948400F9A8B9 /* Character.swift in Sources */ = {isa = PBXBuildFile; fileRef = 38D82D712901948400F9A8B9 /* Character.swift */; };
		38D82D762901D4F600F9A8B9 /* Warrior.swift in Sources */ = {isa = PBXBuildFile; fileRef = 38D82D752901D4F500F9A8B9 /* Warrior.swift */; };
		38D82D782901D4FD00F9A8B9 /* Wizard.swift in Sources */ = {isa = PBXBuildFile; fileRef = 38D82D772901D4FD00F9A8B9 /* Wizard.swift */; };
		38D82D7A2901D56300F9A8B9 /* Assassin.swift in Sources */ = {isa = PBXBuildFile; fileRef = 38D82D792901D56300F9A8B9 /* Assassin.swift */; };
		38D82D7C2906C39900F9A8B9 /* Utilities.swift in Sources */ = {isa = PBXBuildFile; fileRef = 38D82D7B2906C39900F9A8B9 /* Utilities.swift */; };
/* End PBXBuildFile section */

/* Begin PBXCopyFilesBuildPhase section */
		38D82D612901881E00F9A8B9 /* CopyFiles */ = {
			isa = PBXCopyFilesBuildPhase;
			buildActionMask = 2147483647;
			dstPath = /usr/share/man/man1/;
			dstSubfolderSpec = 0;
			files = (
			);
			runOnlyForDeploymentPostprocessing = 1;
		};
/* End PBXCopyFilesBuildPhase section */

/* Begin PBXFileReference section */
		38CA6A7E291951C300682ACE /* Weapon.swift */ = {isa = PBXFileReference; lastKnownFileType = sourcecode.swift; path = Weapon.swift; sourceTree = "<group>"; };
		38D82D632901881E00F9A8B9 /* Grasset_Lilian_1_code_source_102022 */ = {isa = PBXFileReference; explicitFileType = "compiled.mach-o.executable"; includeInIndex = 0; path = Grasset_Lilian_1_code_source_102022; sourceTree = BUILT_PRODUCTS_DIR; };
		38D82D662901881E00F9A8B9 /* main.swift */ = {isa = PBXFileReference; lastKnownFileType = sourcecode.swift; path = main.swift; sourceTree = "<group>"; };
		38D82D6D2901943000F9A8B9 /* Game.swift */ = {isa = PBXFileReference; lastKnownFileType = sourcecode.swift; path = Game.swift; sourceTree = "<group>"; };
		38D82D6F2901943E00F9A8B9 /* Player.swift */ = {isa = PBXFileReference; lastKnownFileType = sourcecode.swift; path = Player.swift; sourceTree = "<group>"; };
		38D82D712901948400F9A8B9 /* Character.swift */ = {isa = PBXFileReference; lastKnownFileType = sourcecode.swift; path = Character.swift; sourceTree = "<group>"; };
		38D82D752901D4F500F9A8B9 /* Warrior.swift */ = {isa = PBXFileReference; lastKnownFileType = sourcecode.swift; path = Warrior.swift; sourceTree = "<group>"; };
		38D82D772901D4FD00F9A8B9 /* Wizard.swift */ = {isa = PBXFileReference; lastKnownFileType = sourcecode.swift; path = Wizard.swift; sourceTree = "<group>"; };
		38D82D792901D56300F9A8B9 /* Assassin.swift */ = {isa = PBXFileReference; lastKnownFileType = sourcecode.swift; path = Assassin.swift; sourceTree = "<group>"; };
		38D82D7B2906C39900F9A8B9 /* Utilities.swift */ = {isa = PBXFileReference; lastKnownFileType = sourcecode.swift; path = Utilities.swift; sourceTree = "<group>"; };
/* End PBXFileReference section */

/* Begin PBXFrameworksBuildPhase section */
		38D82D602901881E00F9A8B9 /* Frameworks */ = {
			isa = PBXFrameworksBuildPhase;
			buildActionMask = 2147483647;
			files = (
			);
			runOnlyForDeploymentPostprocessing = 0;
		};
/* End PBXFrameworksBuildPhase section */

/* Begin PBXGroup section */
		38D82D5A2901881E00F9A8B9 = {
			isa = PBXGroup;
			children = (
				38D82D652901881E00F9A8B9 /* Game */,
				38D82D642901881E00F9A8B9 /* Products */,
			);
			sourceTree = "<group>";
		};
		38D82D642901881E00F9A8B9 /* Products */ = {
			isa = PBXGroup;
			children = (
				38D82D632901881E00F9A8B9 /* Grasset_Lilian_1_code_source_102022 */,
			);
			name = Products;
			sourceTree = "<group>";
		};
		38D82D652901881E00F9A8B9 /* Game */ = {
			isa = PBXGroup;
			children = (
				38D82D732901949600F9A8B9 /* Characters */,
				38D82D662901881E00F9A8B9 /* main.swift */,
				38D82D6D2901943000F9A8B9 /* Game.swift */,
				38D82D6F2901943E00F9A8B9 /* Player.swift */,
				38CA6A7E291951C300682ACE /* Weapon.swift */,
				38D82D7B2906C39900F9A8B9 /* Utilities.swift */,
			);
			path = Game;
			sourceTree = "<group>";
		};
		38D82D732901949600F9A8B9 /* Characters */ = {
			isa = PBXGroup;
			children = (
				38D82D712901948400F9A8B9 /* Character.swift */,
				38D82D752901D4F500F9A8B9 /* Warrior.swift */,
				38D82D772901D4FD00F9A8B9 /* Wizard.swift */,
				38D82D792901D56300F9A8B9 /* Assassin.swift */,
			);
			path = Characters;
			sourceTree = "<group>";
		};
/* End PBXGroup section */

/* Begin PBXNativeTarget section */
		38D82D622901881E00F9A8B9 /* Grasset_Lilian_1_code_source_102022 */ = {
			isa = PBXNativeTarget;
			buildConfigurationList = 38D82D6A2901881E00F9A8B9 /* Build configuration list for PBXNativeTarget "Grasset_Lilian_1_code_source_102022" */;
			buildPhases = (
				38D82D5F2901881E00F9A8B9 /* Sources */,
				38D82D602901881E00F9A8B9 /* Frameworks */,
				38D82D612901881E00F9A8B9 /* CopyFiles */,
				3800E4B529114C0D000DD461 /* ShellScript */,
			);
			buildRules = (
			);
			dependencies = (
			);
			name = Grasset_Lilian_1_code_source_102022;
			productName = Grasset_Lilian_1_code_source_102022;
			productReference = 38D82D632901881E00F9A8B9 /* Grasset_Lilian_1_code_source_102022 */;
			productType = "com.apple.product-type.tool";
		};
/* End PBXNativeTarget section */

/* Begin PBXProject section */
		38D82D5B2901881E00F9A8B9 /* Project object */ = {
			isa = PBXProject;
			attributes = {
				BuildIndependentTargetsInParallel = 1;
				LastSwiftUpdateCheck = 1400;
				LastUpgradeCheck = 1410;
				TargetAttributes = {
					38D82D622901881E00F9A8B9 = {
						CreatedOnToolsVersion = 14.0.1;
					};
				};
			};
			buildConfigurationList = 38D82D5E2901881E00F9A8B9 /* Build configuration list for PBXProject "Grasset_Lilian_1_code_source_102022" */;
			compatibilityVersion = "Xcode 14.0";
			developmentRegion = en;
			hasScannedForEncodings = 0;
			knownRegions = (
				en,
				Base,
			);
			mainGroup = 38D82D5A2901881E00F9A8B9;
			productRefGroup = 38D82D642901881E00F9A8B9 /* Products */;
			projectDirPath = "";
			projectRoot = "";
			targets = (
				38D82D622901881E00F9A8B9 /* Grasset_Lilian_1_code_source_102022 */,
			);
		};
/* End PBXProject section */

/* Begin PBXShellScriptBuildPhase section */
		3800E4B529114C0D000DD461 /* ShellScript */ = {
			isa = PBXShellScriptBuildPhase;
			alwaysOutOfDate = 1;
			buildActionMask = 2147483647;
			files = (
			);
			inputFileListPaths = (
			);
			inputPaths = (
			);
			outputFileListPaths = (
			);
			outputPaths = (
			);
			runOnlyForDeploymentPostprocessing = 0;
			shellPath = /bin/sh;
			shellScript = "export PATH=\"$PATH:/opt/homebrew/bin\"\nif which swiftlint > /dev/null; then\n  swiftlint\nelse\n  echo \"warning: SwiftLint not installed, download from https://github.com/realm/SwiftLint\"\nfi\n";
		};
/* End PBXShellScriptBuildPhase section */

/* Begin PBXSourcesBuildPhase section */
		38D82D5F2901881E00F9A8B9 /* Sources */ = {
			isa = PBXSourcesBuildPhase;
			buildActionMask = 2147483647;
			files = (
				38D82D702901943E00F9A8B9 /* Player.swift in Sources */,
				38D82D762901D4F600F9A8B9 /* Warrior.swift in Sources */,
				38D82D7A2901D56300F9A8B9 /* Assassin.swift in Sources */,
				38D82D672901881E00F9A8B9 /* main.swift in Sources */,
				38D82D6E2901943000F9A8B9 /* Game.swift in Sources */,
				38D82D782901D4FD00F9A8B9 /* Wizard.swift in Sources */,
				38D82D7C2906C39900F9A8B9 /* Utilities.swift in Sources */,
				38D82D722901948400F9A8B9 /* Character.swift in Sources */,
				38CA6A7F291951C300682ACE /* Weapon.swift in Sources */,
			);
			runOnlyForDeploymentPostprocessing = 0;
		};
/* End PBXSourcesBuildPhase section */

/* Begin XCBuildConfiguration section */
		38D82D682901881E00F9A8B9 /* Debug */ = {
			isa = XCBuildConfiguration;
			buildSettings = {
				ALWAYS_SEARCH_USER_PATHS = NO;
				CLANG_ANALYZER_NONNULL = YES;
				CLANG_ANALYZER_NUMBER_OBJECT_CONVERSION = YES_AGGRESSIVE;
				CLANG_CXX_LANGUAGE_STANDARD = "gnu++20";
				CLANG_ENABLE_MODULES = YES;
				CLANG_ENABLE_OBJC_ARC = YES;
				CLANG_ENABLE_OBJC_WEAK = YES;
				CLANG_WARN_BLOCK_CAPTURE_AUTORELEASING = YES;
				CLANG_WARN_BOOL_CONVERSION = YES;
				CLANG_WARN_COMMA = YES;
				CLANG_WARN_CONSTANT_CONVERSION = YES;
				CLANG_WARN_DEPRECATED_OBJC_IMPLEMENTATIONS = YES;
				CLANG_WARN_DIRECT_OBJC_ISA_USAGE = YES_ERROR;
				CLANG_WARN_DOCUMENTATION_COMMENTS = YES;
				CLANG_WARN_EMPTY_BODY = YES;
				CLANG_WARN_ENUM_CONVERSION = YES;
				CLANG_WARN_INFINITE_RECURSION = YES;
				CLANG_WARN_INT_CONVERSION = YES;
				CLANG_WARN_NON_LITERAL_NULL_CONVERSION = YES;
				CLANG_WARN_OBJC_IMPLICIT_RETAIN_SELF = YES;
				CLANG_WARN_OBJC_LITERAL_CONVERSION = YES;
				CLANG_WARN_OBJC_ROOT_CLASS = YES_ERROR;
				CLANG_WARN_QUOTED_INCLUDE_IN_FRAMEWORK_HEADER = YES;
				CLANG_WARN_RANGE_LOOP_ANALYSIS = YES;
				CLANG_WARN_STRICT_PROTOTYPES = YES;
				CLANG_WARN_SUSPICIOUS_MOVE = YES;
				CLANG_WARN_UNGUARDED_AVAILABILITY = YES_AGGRESSIVE;
				CLANG_WARN_UNREACHABLE_CODE = YES;
				CLANG_WARN__DUPLICATE_METHOD_MATCH = YES;
				COPY_PHASE_STRIP = NO;
				DEAD_CODE_STRIPPING = YES;
				DEBUG_INFORMATION_FORMAT = dwarf;
				ENABLE_STRICT_OBJC_MSGSEND = YES;
				ENABLE_TESTABILITY = YES;
				GCC_C_LANGUAGE_STANDARD = gnu11;
				GCC_DYNAMIC_NO_PIC = NO;
				GCC_NO_COMMON_BLOCKS = YES;
				GCC_OPTIMIZATION_LEVEL = 0;
				GCC_PREPROCESSOR_DEFINITIONS = (
					"DEBUG=1",
					"$(inherited)",
				);
				GCC_WARN_64_TO_32_BIT_CONVERSION = YES;
				GCC_WARN_ABOUT_RETURN_TYPE = YES_ERROR;
				GCC_WARN_UNDECLARED_SELECTOR = YES;
				GCC_WARN_UNINITIALIZED_AUTOS = YES_AGGRESSIVE;
				GCC_WARN_UNUSED_FUNCTION = YES;
				GCC_WARN_UNUSED_VARIABLE = YES;
				MACOSX_DEPLOYMENT_TARGET = 12.3;
				MTL_ENABLE_DEBUG_INFO = INCLUDE_SOURCE;
				MTL_FAST_MATH = YES;
				ONLY_ACTIVE_ARCH = YES;
				SDKROOT = macosx;
				SWIFT_ACTIVE_COMPILATION_CONDITIONS = DEBUG;
				SWIFT_OPTIMIZATION_LEVEL = "-Onone";
			};
			name = Debug;
		};
		38D82D692901881E00F9A8B9 /* Release */ = {
			isa = XCBuildConfiguration;
			buildSettings = {
				ALWAYS_SEARCH_USER_PATHS = NO;
				CLANG_ANALYZER_NONNULL = YES;
				CLANG_ANALYZER_NUMBER_OBJECT_CONVERSION = YES_AGGRESSIVE;
				CLANG_CXX_LANGUAGE_STANDARD = "gnu++20";
				CLANG_ENABLE_MODULES = YES;
				CLANG_ENABLE_OBJC_ARC = YES;
				CLANG_ENABLE_OBJC_WEAK = YES;
				CLANG_WARN_BLOCK_CAPTURE_AUTORELEASING = YES;
				CLANG_WARN_BOOL_CONVERSION = YES;
				CLANG_WARN_COMMA = YES;
				CLANG_WARN_CONSTANT_CONVERSION = YES;
				CLANG_WARN_DEPRECATED_OBJC_IMPLEMENTATIONS = YES;
				CLANG_WARN_DIRECT_OBJC_ISA_USAGE = YES_ERROR;
				CLANG_WARN_DOCUMENTATION_COMMENTS = YES;
				CLANG_WARN_EMPTY_BODY = YES;
				CLANG_WARN_ENUM_CONVERSION = YES;
				CLANG_WARN_INFINITE_RECURSION = YES;
				CLANG_WARN_INT_CONVERSION = YES;
				CLANG_WARN_NON_LITERAL_NULL_CONVERSION = YES;
				CLANG_WARN_OBJC_IMPLICIT_RETAIN_SELF = YES;
				CLANG_WARN_OBJC_LITERAL_CONVERSION = YES;
				CLANG_WARN_OBJC_ROOT_CLASS = YES_ERROR;
				CLANG_WARN_QUOTED_INCLUDE_IN_FRAMEWORK_HEADER = YES;
				CLANG_WARN_RANGE_LOOP_ANALYSIS = YES;
				CLANG_WARN_STRICT_PROTOTYPES = YES;
				CLANG_WARN_SUSPICIOUS_MOVE = YES;
				CLANG_WARN_UNGUARDED_AVAILABILITY = YES_AGGRESSIVE;
				CLANG_WARN_UNREACHABLE_CODE = YES;
				CLANG_WARN__DUPLICATE_METHOD_MATCH = YES;
				COPY_PHASE_STRIP = NO;
				DEAD_CODE_STRIPPING = YES;
				DEBUG_INFORMATION_FORMAT = "dwarf-with-dsym";
				ENABLE_NS_ASSERTIONS = NO;
				ENABLE_STRICT_OBJC_MSGSEND = YES;
				GCC_C_LANGUAGE_STANDARD = gnu11;
				GCC_NO_COMMON_BLOCKS = YES;
				GCC_WARN_64_TO_32_BIT_CONVERSION = YES;
				GCC_WARN_ABOUT_RETURN_TYPE = YES_ERROR;
				GCC_WARN_UNDECLARED_SELECTOR = YES;
				GCC_WARN_UNINITIALIZED_AUTOS = YES_AGGRESSIVE;
				GCC_WARN_UNUSED_FUNCTION = YES;
				GCC_WARN_UNUSED_VARIABLE = YES;
				MACOSX_DEPLOYMENT_TARGET = 12.3;
				MTL_ENABLE_DEBUG_INFO = NO;
				MTL_FAST_MATH = YES;
				SDKROOT = macosx;
				SWIFT_COMPILATION_MODE = wholemodule;
				SWIFT_OPTIMIZATION_LEVEL = "-O";
			};
			name = Release;
		};
		38D82D6B2901881E00F9A8B9 /* Debug */ = {
			isa = XCBuildConfiguration;
			buildSettings = {
				CODE_SIGN_IDENTITY = "-";
				CODE_SIGN_STYLE = Automatic;
				DEAD_CODE_STRIPPING = YES;
				DEVELOPMENT_TEAM = VZ899C4D4A;
				ENABLE_HARDENED_RUNTIME = YES;
				PRODUCT_NAME = "$(TARGET_NAME)";
				SWIFT_VERSION = 5.0;
			};
			name = Debug;
		};
		38D82D6C2901881E00F9A8B9 /* Release */ = {
			isa = XCBuildConfiguration;
			buildSettings = {
				CODE_SIGN_IDENTITY = "-";
				CODE_SIGN_STYLE = Automatic;
				DEAD_CODE_STRIPPING = YES;
				DEVELOPMENT_TEAM = VZ899C4D4A;
				ENABLE_HARDENED_RUNTIME = YES;
				PRODUCT_NAME = "$(TARGET_NAME)";
				SWIFT_VERSION = 5.0;
			};
			name = Release;
		};
/* End XCBuildConfiguration section */

/* Begin XCConfigurationList section */
		38D82D5E2901881E00F9A8B9 /* Build configuration list for PBXProject "Grasset_Lilian_1_code_source_102022" */ = {
			isa = XCConfigurationList;
			buildConfigurations = (
				38D82D682901881E00F9A8B9 /* Debug */,
				38D82D692901881E00F9A8B9 /* Release */,
			);
			defaultConfigurationIsVisible = 0;
			defaultConfigurationName = Release;
		};
		38D82D6A2901881E00F9A8B9 /* Build configuration list for PBXNativeTarget "Grasset_Lilian_1_code_source_102022" */ = {
			isa = XCConfigurationList;
			buildConfigurations = (
				38D82D6B2901881E00F9A8B9 /* Debug */,
				38D82D6C2901881E00F9A8B9 /* Release */,
			);
			defaultConfigurationIsVisible = 0;
			defaultConfigurationName = Release;
		};
/* End XCConfigurationList section */
	};
	rootObject = 38D82D5B2901881E00F9A8B9 /* Project object */;
}
